
Microsoft Visual Studio Solution File, Format Version 12.00
# Visual Studio 15
VisualStudioVersion = 15.0.27703.2018
MinimumVisualStudioVersion = 10.0.40219.1
Project("{FAE04EC0-301F-11D3-BF4B-00C04F79EFBC}") = "E1_Files", "E1_Files\E1_Files.csproj", "{6B8C5169-05CC-402B-95FC-6E86B8FA9486}"
EndProject
Project("{FAE04EC0-301F-11D3-BF4B-00C04F79EFBC}") = "E2_Files", "E2_Files\E2_Files.csproj", "{3AE98307-7F8F-421C-95B1-385AD312444D}"
EndProject
Global
	GlobalSection(SolutionConfigurationPlatforms) = preSolution
		Debug|Any CPU = Debug|Any CPU
		Release|Any CPU = Release|Any CPU
	EndGlobalSection
	GlobalSection(ProjectConfigurationPlatforms) = postSolution
		{6B8C5169-05CC-402B-95FC-6E86B8FA9486}.Debug|Any CPU.ActiveCfg = Debug|Any CPU
		{6B8C5169-05CC-402B-95FC-6E86B8FA9486}.Debug|Any CPU.Build.0 = Debug|Any CPU
		{6B8C5169-05CC-402B-95FC-6E86B8FA9486}.Release|Any CPU.ActiveCfg = Release|Any CPU
		{6B8C5169-05CC-402B-95FC-6E86B8FA9486}.Release|Any CPU.Build.0 = Release|Any CPU
		{3AE98307-7F8F-421C-95B1-385AD312444D}.Debug|Any CPU.ActiveCfg = Debug|Any CPU
		{3AE98307-7F8F-421C-95B1-385AD312444D}.Debug|Any CPU.Build.0 = Debug|Any CPU
		{3AE98307-7F8F-421C-95B1-385AD312444D}.Release|Any CPU.ActiveCfg = Release|Any CPU
		{3AE98307-7F8F-421C-95B1-385AD312444D}.Release|Any CPU.Build.0 = Release|Any CPU
	EndGlobalSection
	GlobalSection(SolutionProperties) = preSolution
		HideSolutionNode = FALSE
	EndGlobalSection
	GlobalSection(ExtensibilityGlobals) = postSolution
		SolutionGuid = {F4E175B0-FDF2-48C1-ACA0-EED4A775B2E9}
	EndGlobalSection
EndGlobal
